{
  "name": "personal-finance-tracker",
  "version": "1.0.0",
  "lockfileVersion": 3,
  "requires": true,
  "packages": {
    "": {
      "name": "personal-finance-tracker",
      "version": "1.0.0",
      "license": "ISC",
      "dependencies": {
        "@hono/node-server": "^2.0.11",
        "csv-parse": "^7.0.1",
        "hono": "^4.12.31"
      }
    },
    "node_modules/@hono/node-server": {
      "version": "2.0.11",
      "resolved": "https://registry.npmjs.org/@hono/node-server/-/node-server-2.0.11.tgz",
      "integrity": "sha512-bjD221KPLoJTWUwso1J6fGKiTXEUFedG/s0visavY4zakFPkeGURMRNly+FhBHs7T8Dz4qHaZIMX9ZoJHSJtKA==",
      "license": "MIT",
      "engines": {
        "node": ">=20"
      },
      "peerDependencies": {
        "hono": "^4"
      }
    },
    "node_modules/csv-parse": {
      "version": "7.0.1",
      "resolved": "https://registry.npmjs.org/csv-parse/-/csv-parse-7.0.1.tgz",
      "integrity": "sha512-+2z7Ar0APQ7Uu6fX4cn+pitRmxjZ1WPBcGmZFKmA74FCyi7Et/XZx8cjNQ5CjbZ4HCOxXCOpRBYvYH08Qa003A==",
      "license": "MIT"
    },
    "node_modules/hono": {
      "version": "4.12.31",
      "resolved": "https://registry.npmjs.org/hono/-/hono-4.12.31.tgz",
      "integrity": "sha512-zJIHFrl6bq3RDd2YusFNCDlM8qUprxKswyi/OPzPyzKDdyBXDqWx8bZlZ7R+saTdSTatUmb3O7K4SspGPaEOQg==",
      "license": "MIT",
      "engines": {
        "node": ">=16.9.0"
      }
    }
  }
}
